
Microsoft Visual Studio Solution File, Format Version 12.00
# Visual Studio 15
VisualStudioVersion = 15.0.26730.16
MinimumVisualStudioVersion = 10.0.40219.1
Project("{FAE04EC0-301F-11D3-BF4B-00C04F79EFBC}") = "Order App", "Order App\Order App.csproj", "{911FDA4A-D190-4200-A9C6-5D267795B4EB}"
EndProject
Global
	GlobalSection(SolutionConfigurationPlatforms) = preSolution
		Debug|Any CPU = Debug|Any CPU
		Release|Any CPU = Release|Any CPU
	EndGlobalSection
	GlobalSection(ProjectConfigurationPlatforms) = postSolution
		{911FDA4A-D190-4200-A9C6-5D267795B4EB}.Debug|Any CPU.ActiveCfg = Debug|Any CPU
		{911FDA4A-D190-4200-A9C6-5D267795B4EB}.Debug|Any CPU.Build.0 = Debug|Any CPU
		{911FDA4A-D190-4200-A9C6-5D267795B4EB}.Release|Any CPU.ActiveCfg = Release|Any CPU
		{911FDA4A-D190-4200-A9C6-5D267795B4EB}.Release|Any CPU.Build.0 = Release|Any CPU
	EndGlobalSection
	GlobalSection(SolutionProperties) = preSolution
		HideSolutionNode = FALSE
	EndGlobalSection
	GlobalSection(ExtensibilityGlobals) = postSolution
		SolutionGuid = {7B3B7FF1-2F46-483D-955E-C533906D3413}
	EndGlobalSection
EndGlobal
